dependencies:
- name: csi-driver-smb
  repository: https://raw.githubusercontent.com/kubernetes-csi/csi-driver-smb/master/charts
  version: 1.19.1
- name: local-path-provisioner
  repository: ""
  version: 0.0.24
digest: sha256:747c384f8b6d0c8e784f98a914238720c868afec0d07186bc50ff615005534df
generated: "2025-12-09T11:12:53.4644866+02:00"
