dependencies:
- name: kube-prometheus-stack
  repository: https://prometheus-community.github.io/helm-charts
  version: 75.15.1
- name: metrics-server
  repository: https://charts.bitnami.com/bitnami
  version: 7.4.10
digest: sha256:438e2b268698f00c365515f22161bc311d6c1c45161d8c0c5f280de1be50843c
generated: "2025-08-03T07:34:42.835997592Z"
