dependencies:
- name: intel-device-plugins-operator
  repository: https://intel.github.io/helm-charts/
  version: 0.34.0
- name: intel-device-plugins-gpu
  repository: https://intel.github.io/helm-charts/
  version: 0.34.0
digest: sha256:30ca9488c13c430107213090e1530d77bfbf2d6d12498346024f9f9ed04c7ae5
generated: "2025-12-09T11:10:54.8517746+02:00"
