dependencies:
- name: external-dns
  repository: https://charts.bitnami.com/bitnami
  version: 6.29.1
- name: external-dns
  repository: https://charts.bitnami.com/bitnami
  version: 6.29.1
- name: external-dns
  repository: https://charts.bitnami.com/bitnami
  version: 6.29.1
- name: external-dns
  repository: https://charts.bitnami.com/bitnami
  version: 6.29.1
- name: external-dns
  repository: https://charts.bitnami.com/bitnami
  version: 6.29.1
- name: external-dns
  repository: https://charts.bitnami.com/bitnami
  version: 6.29.1
- name: external-dns
  repository: https://charts.bitnami.com/bitnami
  version: 6.29.1
digest: sha256:282f20617eab11da7be6bb967b328d0a61534b0ffff33d2278b0a1e2dc32e3c8
generated: "2024-01-13T22:24:36.6437964+02:00"
